
Microsoft Visual Studio Solution File, Format Version 12.00
# Visual Studio Version 16
VisualStudioVersion = 16.0.28711.60
MinimumVisualStudioVersion = 10.0.40219.1
Project("{FAE04EC0-301F-11D3-BF4B-00C04F79EFBC}") = "CodeMatrixes", "WindowsFormsApp1\CodeMatrixes.csproj", "{B4CAE367-0116-4EBE-9583-EA983CB15F88}"
EndProject
Global
	GlobalSection(SolutionConfigurationPlatforms) = preSolution
		Debug|Any CPU = Debug|Any CPU
		Release|Any CPU = Release|Any CPU
	EndGlobalSection
	GlobalSection(ProjectConfigurationPlatforms) = postSolution
		{B4CAE367-0116-4EBE-9583-EA983CB15F88}.Debug|Any CPU.ActiveCfg = Debug|Any CPU
		{B4CAE367-0116-4EBE-9583-EA983CB15F88}.Debug|Any CPU.Build.0 = Debug|Any CPU
		{B4CAE367-0116-4EBE-9583-EA983CB15F88}.Release|Any CPU.ActiveCfg = Release|Any CPU
		{B4CAE367-0116-4EBE-9583-EA983CB15F88}.Release|Any CPU.Build.0 = Release|Any CPU
	EndGlobalSection
	GlobalSection(SolutionProperties) = preSolution
		HideSolutionNode = FALSE
	EndGlobalSection
	GlobalSection(ExtensibilityGlobals) = postSolution
		SolutionGuid = {896A3582-0D72-4DD0-922B-339B50741C47}
	EndGlobalSection
EndGlobal
